
Microsoft Visual Studio Solution File, Format Version 12.00
# Visual Studio Version 16
VisualStudioVersion = 16.0.31313.79
MinimumVisualStudioVersion = 10.0.40219.1
Project("{FAE04EC0-301F-11D3-BF4B-00C04F79EFBC}") = "DocV2", "DocV2\DocV2.csproj", "{54BCBC40-23AC-44B7-89B8-336646991CCD}"
EndProject
Project("{54435603-DBB4-11D2-8724-00A0C9A8B90C}") = "Setup", "Setup\Setup.vdproj", "{ABD2C55B-CA83-44F0-A215-32EC33B7FF24}"
EndProject
Global
	GlobalSection(SolutionConfigurationPlatforms) = preSolution
		Debug|x64 = Debug|x64
		Debug|x86 = Debug|x86
		Release|x64 = Release|x64
		Release|x86 = Release|x86
	EndGlobalSection
	GlobalSection(ProjectConfigurationPlatforms) = postSolution
		{54BCBC40-23AC-44B7-89B8-336646991CCD}.Debug|x64.ActiveCfg = Debug|x64
		{54BCBC40-23AC-44B7-89B8-336646991CCD}.Debug|x64.Build.0 = Debug|x64
		{54BCBC40-23AC-44B7-89B8-336646991CCD}.Debug|x86.ActiveCfg = Debug|x86
		{54BCBC40-23AC-44B7-89B8-336646991CCD}.Debug|x86.Build.0 = Debug|x86
		{54BCBC40-23AC-44B7-89B8-336646991CCD}.Release|x64.ActiveCfg = Release|x64
		{54BCBC40-23AC-44B7-89B8-336646991CCD}.Release|x64.Build.0 = Release|x64
		{54BCBC40-23AC-44B7-89B8-336646991CCD}.Release|x86.ActiveCfg = Release|x86
		{54BCBC40-23AC-44B7-89B8-336646991CCD}.Release|x86.Build.0 = Release|x86
		{ABD2C55B-CA83-44F0-A215-32EC33B7FF24}.Debug|x64.ActiveCfg = Debug
		{ABD2C55B-CA83-44F0-A215-32EC33B7FF24}.Debug|x86.ActiveCfg = Debug
		{ABD2C55B-CA83-44F0-A215-32EC33B7FF24}.Release|x64.ActiveCfg = Release
		{ABD2C55B-CA83-44F0-A215-32EC33B7FF24}.Release|x86.ActiveCfg = Release
	EndGlobalSection
	GlobalSection(SolutionProperties) = preSolution
		HideSolutionNode = FALSE
	EndGlobalSection
	GlobalSection(ExtensibilityGlobals) = postSolution
		SolutionGuid = {E1A8C9EF-D941-4816-BD32-1C225D22120E}
	EndGlobalSection
EndGlobal
