
Microsoft Visual Studio Solution File, Format Version 12.00
# Visual Studio 15
VisualStudioVersion = 15.0.28307.329
MinimumVisualStudioVersion = 10.0.40219.1
Project("{FAE04EC0-301F-11D3-BF4B-00C04F79EFBC}") = "DocV2", "DocV2\DocV2.csproj", "{54BCBC40-23AC-44B7-89B8-336646991CCD}"
EndProject
Project("{54435603-DBB4-11D2-8724-00A0C9A8B90C}") = "Setup", "Setup\Setup.vdproj", "{038AE514-075D-4AE3-BFA7-4D4A46B27C0F}"
EndProject
Global
	GlobalSection(SolutionConfigurationPlatforms) = preSolution
		Debug|x64 = Debug|x64
		Release|x64 = Release|x64
	EndGlobalSection
	GlobalSection(ProjectConfigurationPlatforms) = postSolution
		{54BCBC40-23AC-44B7-89B8-336646991CCD}.Debug|x64.ActiveCfg = Debug|x64
		{54BCBC40-23AC-44B7-89B8-336646991CCD}.Debug|x64.Build.0 = Debug|x64
		{54BCBC40-23AC-44B7-89B8-336646991CCD}.Release|x64.ActiveCfg = Release|x64
		{54BCBC40-23AC-44B7-89B8-336646991CCD}.Release|x64.Build.0 = Release|x64
		{038AE514-075D-4AE3-BFA7-4D4A46B27C0F}.Debug|x64.ActiveCfg = Debug
		{038AE514-075D-4AE3-BFA7-4D4A46B27C0F}.Release|x64.ActiveCfg = Release
	EndGlobalSection
	GlobalSection(SolutionProperties) = preSolution
		HideSolutionNode = FALSE
	EndGlobalSection
	GlobalSection(ExtensibilityGlobals) = postSolution
		SolutionGuid = {E1A8C9EF-D941-4816-BD32-1C225D22120E}
	EndGlobalSection
EndGlobal
